
Microsoft Visual Studio Solution File, Format Version 12.00
# Visual Studio Version 16
VisualStudioVersion = 16.0.32510.428
MinimumVisualStudioVersion = 10.0.40219.1
Project("{FAE04EC0-301F-11D3-BF4B-00C04F79EFBC}") = "ExamPrep1", "ExamPrep1.csproj", "{EE899263-187D-4FAA-8827-94A230D51177}"
EndProject
Global
	GlobalSection(SolutionConfigurationPlatforms) = preSolution
		Debug|Any CPU = Debug|Any CPU
		Release|Any CPU = Release|Any CPU
	EndGlobalSection
	GlobalSection(ProjectConfigurationPlatforms) = postSolution
		{EE899263-187D-4FAA-8827-94A230D51177}.Debug|Any CPU.ActiveCfg = Debug|Any CPU
		{EE899263-187D-4FAA-8827-94A230D51177}.Debug|Any CPU.Build.0 = Debug|Any CPU
		{EE899263-187D-4FAA-8827-94A230D51177}.Release|Any CPU.ActiveCfg = Release|Any CPU
		{EE899263-187D-4FAA-8827-94A230D51177}.Release|Any CPU.Build.0 = Release|Any CPU
	EndGlobalSection
	GlobalSection(SolutionProperties) = preSolution
		HideSolutionNode = FALSE
	EndGlobalSection
	GlobalSection(ExtensibilityGlobals) = postSolution
		SolutionGuid = {97D26968-2B06-4905-8357-D230C4ABE33B}
	EndGlobalSection
EndGlobal
